
Microsoft Visual Studio Solution File, Format Version 11.00
# Visual Studio 2010
Project("{FAE04EC0-301F-11D3-BF4B-00C04F79EFBC}") = "patternsim-rank", "src\patternsim-rank.csproj", "{5239ED81-7BF5-4578-9663-4573315EA789}"
EndProject
Global
	GlobalSection(SolutionConfigurationPlatforms) = preSolution
		Debug|x86 = Debug|x86
		Release|x86 = Release|x86
	EndGlobalSection
	GlobalSection(ProjectConfigurationPlatforms) = postSolution
		{5239ED81-7BF5-4578-9663-4573315EA789}.Debug|x86.ActiveCfg = Debug|x86
		{5239ED81-7BF5-4578-9663-4573315EA789}.Debug|x86.Build.0 = Debug|x86
		{5239ED81-7BF5-4578-9663-4573315EA789}.Release|x86.ActiveCfg = Release|x86
		{5239ED81-7BF5-4578-9663-4573315EA789}.Release|x86.Build.0 = Release|x86
	EndGlobalSection
	GlobalSection(MonoDevelopProperties) = preSolution
		StartupItem = src\patternsim-rank.csproj
	EndGlobalSection
EndGlobal
